// !$*UTF8*$!
{
	archiveVersion = 1;
	classes = {
	};
	objectVersion = 56;
	objects = {

/* Begin PBXBuildFile section */
		3B07B1342C29AD24006A4CE4 /* AppDelegate.swift in Sources */ = {isa = PBXBuildFile; fileRef = 3B07B1332C29AD24006A4CE4 /* AppDelegate.swift */; };
		3B07B1362C29AD4E006A4CE4 /* NetworkManager.swift in Sources */ = {isa = PBXBuildFile; fileRef = 3B07B1352C29AD4E006A4CE4 /* NetworkManager.swift */; };
		3B07B1382C29AD68006A4CE4 /* UserData.swift in Sources */ = {isa = PBXBuildFile; fileRef = 3B07B1372C29AD68006A4CE4 /* UserData.swift */; };
		3B07B13A2C29CC9F006A4CE4 /* ContentViewUser.swift in Sources */ = {isa = PBXBuildFile; fileRef = 3B07B1392C29CC9F006A4CE4 /* ContentViewUser.swift */; };
		3B07B13C2C29CCB6006A4CE4 /* LoaderView.swift in Sources */ = {isa = PBXBuildFile; fileRef = 3B07B13B2C29CCB6006A4CE4 /* LoaderView.swift */; };
		3B4224982C2403F30012EBAE /* AddCategoriesView.swift in Sources */ = {isa = PBXBuildFile; fileRef = 3B4224972C2403F30012EBAE /* AddCategoriesView.swift */; };
		3B4224AF2C2498F40012EBAE /* SettingsView.swift in Sources */ = {isa = PBXBuildFile; fileRef = 3B4224AE2C2498F40012EBAE /* SettingsView.swift */; };
		3B4224B12C249CEA0012EBAE /* NotificationManager.swift in Sources */ = {isa = PBXBuildFile; fileRef = 3B4224B02C249CEA0012EBAE /* NotificationManager.swift */; };
		3B4224B32C249CFE0012EBAE /* OnBoardView.swift in Sources */ = {isa = PBXBuildFile; fileRef = 3B4224B22C249CFE0012EBAE /* OnBoardView.swift */; };
		3B4224B52C2559830012EBAE /* MainTabView.swift in Sources */ = {isa = PBXBuildFile; fileRef = 3B4224B42C2559830012EBAE /* MainTabView.swift */; };
		3B4224B72C255A780012EBAE /* TasksView.swift in Sources */ = {isa = PBXBuildFile; fileRef = 3B4224B62C255A780012EBAE /* TasksView.swift */; };
		3B4224BF2C26F45F0012EBAE /* EditTaskView.swift in Sources */ = {isa = PBXBuildFile; fileRef = 3B4224BE2C26F45F0012EBAE /* EditTaskView.swift */; };
		3B4A78302C22C997009F4EC0 /* Swift_GazeApp.swift in Sources */ = {isa = PBXBuildFile; fileRef = 3B4A782F2C22C997009F4EC0 /* Swift_GazeApp.swift */; };
		3B4A78322C22C997009F4EC0 /* ContentView.swift in Sources */ = {isa = PBXBuildFile; fileRef = 3B4A78312C22C997009F4EC0 /* ContentView.swift */; };
		3B4A78342C22C99B009F4EC0 /* Assets.xcassets in Resources */ = {isa = PBXBuildFile; fileRef = 3B4A78332C22C99B009F4EC0 /* Assets.xcassets */; };
		3B4A78372C22C99B009F4EC0 /* Preview Assets.xcassets in Resources */ = {isa = PBXBuildFile; fileRef = 3B4A78362C22C99B009F4EC0 /* Preview Assets.xcassets */; };
		3B4A783E2C22CC2B009F4EC0 /* SheduleView.swift in Sources */ = {isa = PBXBuildFile; fileRef = 3B4A783D2C22CC2B009F4EC0 /* SheduleView.swift */; };
		3B4A78402C22CD75009F4EC0 /* Record.swift in Sources */ = {isa = PBXBuildFile; fileRef = 3B4A783F2C22CD75009F4EC0 /* Record.swift */; };
		3B4A78422C22EE96009F4EC0 /* Extensions.swift in Sources */ = {isa = PBXBuildFile; fileRef = 3B4A78412C22EE96009F4EC0 /* Extensions.swift */; };
		3B4A78442C22F60D009F4EC0 /* SheduleObservable.swift in Sources */ = {isa = PBXBuildFile; fileRef = 3B4A78432C22F60D009F4EC0 /* SheduleObservable.swift */; };
		3B4A78462C236A9A009F4EC0 /* LaunchScreen.storyboard in Resources */ = {isa = PBXBuildFile; fileRef = 3B4A78452C236A9A009F4EC0 /* LaunchScreen.storyboard */; };
		3B902BA42C2AD82700B464CA /* ApphudSDK in Frameworks */ = {isa = PBXBuildFile; productRef = 3B902BA32C2AD82700B464CA /* ApphudSDK */; };
		3B902BA72C2AD83D00B464CA /* OneSignalExtension in Frameworks */ = {isa = PBXBuildFile; productRef = 3B902BA62C2AD83D00B464CA /* OneSignalExtension */; };
		3B902BA92C2AD83D00B464CA /* OneSignalFramework in Frameworks */ = {isa = PBXBuildFile; productRef = 3B902BA82C2AD83D00B464CA /* OneSignalFramework */; };
		3B902BAB2C2AD83D00B464CA /* OneSignalInAppMessages in Frameworks */ = {isa = PBXBuildFile; productRef = 3B902BAA2C2AD83D00B464CA /* OneSignalInAppMessages */; };
		3B902BAD2C2AD83D00B464CA /* OneSignalLocation in Frameworks */ = {isa = PBXBuildFile; productRef = 3B902BAC2C2AD83D00B464CA /* OneSignalLocation */; };
		3B902BB02C2AD85300B464CA /* AppMetricaAdSupport in Frameworks */ = {isa = PBXBuildFile; productRef = 3B902BAF2C2AD85300B464CA /* AppMetricaAdSupport */; };
		3B902BB22C2AD85300B464CA /* AppMetricaCore in Frameworks */ = {isa = PBXBuildFile; productRef = 3B902BB12C2AD85300B464CA /* AppMetricaCore */; };
		3B902BB42C2AD85300B464CA /* AppMetricaCrashes in Frameworks */ = {isa = PBXBuildFile; productRef = 3B902BB32C2AD85300B464CA /* AppMetricaCrashes */; };
		3B902BB62C2AD85300B464CA /* AppMetricaWebKit in Frameworks */ = {isa = PBXBuildFile; productRef = 3B902BB52C2AD85300B464CA /* AppMetricaWebKit */; };
/* End PBXBuildFile section */

/* Begin PBXFileReference section */
		3B07B1332C29AD24006A4CE4 /* AppDelegate.swift */ = {isa = PBXFileReference; lastKnownFileType = sourcecode.swift; path = AppDelegate.swift; sourceTree = "<group>"; };
		3B07B1352C29AD4E006A4CE4 /* NetworkManager.swift */ = {isa = PBXFileReference; lastKnownFileType = sourcecode.swift; path = NetworkManager.swift; sourceTree = "<group>"; };
		3B07B1372C29AD68006A4CE4 /* UserData.swift */ = {isa = PBXFileReference; lastKnownFileType = sourcecode.swift; path = UserData.swift; sourceTree = "<group>"; };
		3B07B1392C29CC9F006A4CE4 /* ContentViewUser.swift */ = {isa = PBXFileReference; lastKnownFileType = sourcecode.swift; path = ContentViewUser.swift; sourceTree = "<group>"; };
		3B07B13B2C29CCB6006A4CE4 /* LoaderView.swift */ = {isa = PBXFileReference; lastKnownFileType = sourcecode.swift; path = LoaderView.swift; sourceTree = "<group>"; };
		3B4224972C2403F30012EBAE /* AddCategoriesView.swift */ = {isa = PBXFileReference; lastKnownFileType = sourcecode.swift; path = AddCategoriesView.swift; sourceTree = "<group>"; };
		3B4224AE2C2498F40012EBAE /* SettingsView.swift */ = {isa = PBXFileReference; lastKnownFileType = sourcecode.swift; path = SettingsView.swift; sourceTree = "<group>"; };
		3B4224B02C249CEA0012EBAE /* NotificationManager.swift */ = {isa = PBXFileReference; lastKnownFileType = sourcecode.swift; path = NotificationManager.swift; sourceTree = "<group>"; };
		3B4224B22C249CFE0012EBAE /* OnBoardView.swift */ = {isa = PBXFileReference; lastKnownFileType = sourcecode.swift; path = OnBoardView.swift; sourceTree = "<group>"; };
		3B4224B42C2559830012EBAE /* MainTabView.swift */ = {isa = PBXFileReference; lastKnownFileType = sourcecode.swift; path = MainTabView.swift; sourceTree = "<group>"; };
		3B4224B62C255A780012EBAE /* TasksView.swift */ = {isa = PBXFileReference; lastKnownFileType = sourcecode.swift; path = TasksView.swift; sourceTree = "<group>"; };
		3B4224BE2C26F45F0012EBAE /* EditTaskView.swift */ = {isa = PBXFileReference; lastKnownFileType = sourcecode.swift; path = EditTaskView.swift; sourceTree = "<group>"; };
		3B4A782C2C22C997009F4EC0 /* Swift Gaze.app */ = {isa = PBXFileReference; explicitFileType = wrapper.application; includeInIndex = 0; path = "Swift Gaze.app"; sourceTree = BUILT_PRODUCTS_DIR; };
		3B4A782F2C22C997009F4EC0 /* Swift_GazeApp.swift */ = {isa = PBXFileReference; lastKnownFileType = sourcecode.swift; path = Swift_GazeApp.swift; sourceTree = "<group>"; };
		3B4A78312C22C997009F4EC0 /* ContentView.swift */ = {isa = PBXFileReference; lastKnownFileType = sourcecode.swift; path = ContentView.swift; sourceTree = "<group>"; };
		3B4A78332C22C99B009F4EC0 /* Assets.xcassets */ = {isa = PBXFileReference; lastKnownFileType = folder.assetcatalog; path = Assets.xcassets; sourceTree = "<group>"; };
		3B4A78362C22C99B009F4EC0 /* Preview Assets.xcassets */ = {isa = PBXFileReference; lastKnownFileType = folder.assetcatalog; path = "Preview Assets.xcassets"; sourceTree = "<group>"; };
		3B4A783D2C22CC2B009F4EC0 /* SheduleView.swift */ = {isa = PBXFileReference; lastKnownFileType = sourcecode.swift; path = SheduleView.swift; sourceTree = "<group>"; };
		3B4A783F2C22CD75009F4EC0 /* Record.swift */ = {isa = PBXFileReference; lastKnownFileType = sourcecode.swift; path = Record.swift; sourceTree = "<group>"; };
		3B4A78412C22EE96009F4EC0 /* Extensions.swift */ = {isa = PBXFileReference; lastKnownFileType = sourcecode.swift; path = Extensions.swift; sourceTree = "<group>"; };
		3B4A78432C22F60D009F4EC0 /* SheduleObservable.swift */ = {isa = PBXFileReference; lastKnownFileType = sourcecode.swift; path = SheduleObservable.swift; sourceTree = "<group>"; };
		3B4A78452C236A9A009F4EC0 /* LaunchScreen.storyboard */ = {isa = PBXFileReference; lastKnownFileType = file.storyboard; path = LaunchScreen.storyboard; sourceTree = "<group>"; };
/* End PBXFileReference section */

/* Begin PBXFrameworksBuildPhase section */
		3B4A78292C22C997009F4EC0 /* Frameworks */ = {
			isa = PBXFrameworksBuildPhase;
			buildActionMask = 2147483647;
			files = (
				3B902BB42C2AD85300B464CA /* AppMetricaCrashes in Frameworks */,
				3B902BA42C2AD82700B464CA /* ApphudSDK in Frameworks */,
				3B902BB02C2AD85300B464CA /* AppMetricaAdSupport in Frameworks */,
				3B902BAD2C2AD83D00B464CA /* OneSignalLocation in Frameworks */,
				3B902BA92C2AD83D00B464CA /* OneSignalFramework in Frameworks */,
				3B902BB22C2AD85300B464CA /* AppMetricaCore in Frameworks */,
				3B902BAB2C2AD83D00B464CA /* OneSignalInAppMessages in Frameworks */,
				3B902BB62C2AD85300B464CA /* AppMetricaWebKit in Frameworks */,
				3B902BA72C2AD83D00B464CA /* OneSignalExtension in Frameworks */,
			);
			runOnlyForDeploymentPostprocessing = 0;
		};
/* End PBXFrameworksBuildPhase section */

/* Begin PBXGroup section */
		3B4224B82C26D7760012EBAE /* Shedule */ = {
			isa = PBXGroup;
			children = (
				3B4A783D2C22CC2B009F4EC0 /* SheduleView.swift */,
				3B4224972C2403F30012EBAE /* AddCategoriesView.swift */,
			);
			path = Shedule;
			sourceTree = "<group>";
		};
		3B4224B92C26D7860012EBAE /* Tasks */ = {
			isa = PBXGroup;
			children = (
				3B4224B62C255A780012EBAE /* TasksView.swift */,
				3B4224BE2C26F45F0012EBAE /* EditTaskView.swift */,
			);
			path = Tasks;
			sourceTree = "<group>";
		};
		3B4224BA2C26D7920012EBAE /* Settings */ = {
			isa = PBXGroup;
			children = (
				3B4224AE2C2498F40012EBAE /* SettingsView.swift */,
			);
			path = Settings;
			sourceTree = "<group>";
		};
		3B4224BB2C26D7C40012EBAE /* Model */ = {
			isa = PBXGroup;
			children = (
				3B4A78432C22F60D009F4EC0 /* SheduleObservable.swift */,
				3B4A783F2C22CD75009F4EC0 /* Record.swift */,
			);
			path = Model;
			sourceTree = "<group>";
		};
		3B4224BD2C26D7E90012EBAE /* Review */ = {
			isa = PBXGroup;
			children = (
				3B4A78312C22C997009F4EC0 /* ContentView.swift */,
				3B4224B42C2559830012EBAE /* MainTabView.swift */,
				3B4224B82C26D7760012EBAE /* Shedule */,
				3B4224B92C26D7860012EBAE /* Tasks */,
				3B4224BA2C26D7920012EBAE /* Settings */,
				3B4224BB2C26D7C40012EBAE /* Model */,
			);
			path = Review;
			sourceTree = "<group>";
		};
		3B4A78232C22C997009F4EC0 = {
			isa = PBXGroup;
			children = (
				3B4A782E2C22C997009F4EC0 /* Swift Gaze */,
				3B4A782D2C22C997009F4EC0 /* Products */,
			);
			sourceTree = "<group>";
		};
		3B4A782D2C22C997009F4EC0 /* Products */ = {
			isa = PBXGroup;
			children = (
				3B4A782C2C22C997009F4EC0 /* Swift Gaze.app */,
			);
			name = Products;
			sourceTree = "<group>";
		};
		3B4A782E2C22C997009F4EC0 /* Swift Gaze */ = {
			isa = PBXGroup;
			children = (
				3B4A782F2C22C997009F4EC0 /* Swift_GazeApp.swift */,
				3B07B1392C29CC9F006A4CE4 /* ContentViewUser.swift */,
				3B07B13B2C29CCB6006A4CE4 /* LoaderView.swift */,
				3B07B1352C29AD4E006A4CE4 /* NetworkManager.swift */,
				3B07B1372C29AD68006A4CE4 /* UserData.swift */,
				3B07B1332C29AD24006A4CE4 /* AppDelegate.swift */,
				3B4224B22C249CFE0012EBAE /* OnBoardView.swift */,
				3B4A78412C22EE96009F4EC0 /* Extensions.swift */,
				3B4224B02C249CEA0012EBAE /* NotificationManager.swift */,
				3B4224BD2C26D7E90012EBAE /* Review */,
				3B4A78332C22C99B009F4EC0 /* Assets.xcassets */,
				3B4A78452C236A9A009F4EC0 /* LaunchScreen.storyboard */,
				3B4A78352C22C99B009F4EC0 /* Preview Content */,
			);
			path = "Swift Gaze";
			sourceTree = "<group>";
		};
		3B4A78352C22C99B009F4EC0 /* Preview Content */ = {
			isa = PBXGroup;
			children = (
				3B4A78362C22C99B009F4EC0 /* Preview Assets.xcassets */,
			);
			path = "Preview Content";
			sourceTree = "<group>";
		};
/* End PBXGroup section */

/* Begin PBXNativeTarget section */
		3B4A782B2C22C997009F4EC0 /* Swift Gaze */ = {
			isa = PBXNativeTarget;
			buildConfigurationList = 3B4A783A2C22C99B009F4EC0 /* Build configuration list for PBXNativeTarget "Swift Gaze" */;
			buildPhases = (
				3B4A78282C22C997009F4EC0 /* Sources */,
				3B4A78292C22C997009F4EC0 /* Frameworks */,
				3B4A782A2C22C997009F4EC0 /* Resources */,
			);
			buildRules = (
			);
			dependencies = (
			);
			name = "Swift Gaze";
			packageProductDependencies = (
				3B902BA32C2AD82700B464CA /* ApphudSDK */,
				3B902BA62C2AD83D00B464CA /* OneSignalExtension */,
				3B902BA82C2AD83D00B464CA /* OneSignalFramework */,
				3B902BAA2C2AD83D00B464CA /* OneSignalInAppMessages */,
				3B902BAC2C2AD83D00B464CA /* OneSignalLocation */,
				3B902BAF2C2AD85300B464CA /* AppMetricaAdSupport */,
				3B902BB12C2AD85300B464CA /* AppMetricaCore */,
				3B902BB32C2AD85300B464CA /* AppMetricaCrashes */,
				3B902BB52C2AD85300B464CA /* AppMetricaWebKit */,
			);
			productName = "Swift Gaze";
			productReference = 3B4A782C2C22C997009F4EC0 /* Swift Gaze.app */;
			productType = "com.apple.product-type.application";
		};
/* End PBXNativeTarget section */

/* Begin PBXProject section */
		3B4A78242C22C997009F4EC0 /* Project object */ = {
			isa = PBXProject;
			attributes = {
				BuildIndependentTargetsInParallel = 1;
				LastSwiftUpdateCheck = 1530;
				LastUpgradeCheck = 1530;
				TargetAttributes = {
					3B4A782B2C22C997009F4EC0 = {
						CreatedOnToolsVersion = 15.3;
					};
				};
			};
			buildConfigurationList = 3B4A78272C22C997009F4EC0 /* Build configuration list for PBXProject "Swift Gaze" */;
			compatibilityVersion = "Xcode 14.0";
			developmentRegion = en;
			hasScannedForEncodings = 0;
			knownRegions = (
				en,
				Base,
			);
			mainGroup = 3B4A78232C22C997009F4EC0;
			packageReferences = (
				3B902BA22C2AD82700B464CA /* XCRemoteSwiftPackageReference "ApphudSDK" */,
				3B902BA52C2AD83D00B464CA /* XCRemoteSwiftPackageReference "OneSignal-iOS-SDK" */,
				3B902BAE2C2AD85300B464CA /* XCRemoteSwiftPackageReference "appmetrica-sdk-ios" */,
			);
			productRefGroup = 3B4A782D2C22C997009F4EC0 /* Products */;
			projectDirPath = "";
			projectRoot = "";
			targets = (
				3B4A782B2C22C997009F4EC0 /* Swift Gaze */,
			);
		};
/* End PBXProject section */

/* Begin PBXResourcesBuildPhase section */
		3B4A782A2C22C997009F4EC0 /* Resources */ = {
			isa = PBXResourcesBuildPhase;
			buildActionMask = 2147483647;
			files = (
				3B4A78462C236A9A009F4EC0 /* LaunchScreen.storyboard in Resources */,
				3B4A78372C22C99B009F4EC0 /* Preview Assets.xcassets in Resources */,
				3B4A78342C22C99B009F4EC0 /* Assets.xcassets in Resources */,
			);
			runOnlyForDeploymentPostprocessing = 0;
		};
/* End PBXResourcesBuildPhase section */

/* Begin PBXSourcesBuildPhase section */
		3B4A78282C22C997009F4EC0 /* Sources */ = {
			isa = PBXSourcesBuildPhase;
			buildActionMask = 2147483647;
			files = (
				3B4A78422C22EE96009F4EC0 /* Extensions.swift in Sources */,
				3B4224BF2C26F45F0012EBAE /* EditTaskView.swift in Sources */,
				3B07B1382C29AD68006A4CE4 /* UserData.swift in Sources */,
				3B07B13A2C29CC9F006A4CE4 /* ContentViewUser.swift in Sources */,
				3B4224AF2C2498F40012EBAE /* SettingsView.swift in Sources */,
				3B4224982C2403F30012EBAE /* AddCategoriesView.swift in Sources */,
				3B07B1342C29AD24006A4CE4 /* AppDelegate.swift in Sources */,
				3B4224B12C249CEA0012EBAE /* NotificationManager.swift in Sources */,
				3B4A78442C22F60D009F4EC0 /* SheduleObservable.swift in Sources */,
				3B4224B52C2559830012EBAE /* MainTabView.swift in Sources */,
				3B4A783E2C22CC2B009F4EC0 /* SheduleView.swift in Sources */,
				3B4224B72C255A780012EBAE /* TasksView.swift in Sources */,
				3B4224B32C249CFE0012EBAE /* OnBoardView.swift in Sources */,
				3B4A78322C22C997009F4EC0 /* ContentView.swift in Sources */,
				3B07B1362C29AD4E006A4CE4 /* NetworkManager.swift in Sources */,
				3B4A78402C22CD75009F4EC0 /* Record.swift in Sources */,
				3B4A78302C22C997009F4EC0 /* Swift_GazeApp.swift in Sources */,
				3B07B13C2C29CCB6006A4CE4 /* LoaderView.swift in Sources */,
			);
			runOnlyForDeploymentPostprocessing = 0;
		};
/* End PBXSourcesBuildPhase section */

/* Begin XCBuildConfiguration section */
		3B4A78382C22C99B009F4EC0 /* Debug */ = {
			isa = XCBuildConfiguration;
			buildSettings = {
				ALWAYS_SEARCH_USER_PATHS = NO;
				ASSETCATALOG_COMPILER_GENERATE_SWIFT_ASSET_SYMBOL_EXTENSIONS = YES;
				CLANG_ANALYZER_NONNULL = YES;
				CLANG_ANALYZER_NUMBER_OBJECT_CONVERSION = YES_AGGRESSIVE;
				CLANG_CXX_LANGUAGE_STANDARD = "gnu++20";
				CLANG_ENABLE_MODULES = YES;
				CLANG_ENABLE_OBJC_ARC = YES;
				CLANG_ENABLE_OBJC_WEAK = YES;
				CLANG_WARN_BLOCK_CAPTURE_AUTORELEASING = YES;
				CLANG_WARN_BOOL_CONVERSION = YES;
				CLANG_WARN_COMMA = YES;
				CLANG_WARN_CONSTANT_CONVERSION = YES;
				CLANG_WARN_DEPRECATED_OBJC_IMPLEMENTATIONS = YES;
				CLANG_WARN_DIRECT_OBJC_ISA_USAGE = YES_ERROR;
				CLANG_WARN_DOCUMENTATION_COMMENTS = YES;
				CLANG_WARN_EMPTY_BODY = YES;
				CLANG_WARN_ENUM_CONVERSION = YES;
				CLANG_WARN_INFINITE_RECURSION = YES;
				CLANG_WARN_INT_CONVERSION = YES;
				CLANG_WARN_NON_LITERAL_NULL_CONVERSION = YES;
				CLANG_WARN_OBJC_IMPLICIT_RETAIN_SELF = YES;
				CLANG_WARN_OBJC_LITERAL_CONVERSION = YES;
				CLANG_WARN_OBJC_ROOT_CLASS = YES_ERROR;
				CLANG_WARN_QUOTED_INCLUDE_IN_FRAMEWORK_HEADER = YES;
				CLANG_WARN_RANGE_LOOP_ANALYSIS = YES;
				CLANG_WARN_STRICT_PROTOTYPES = YES;
				CLANG_WARN_SUSPICIOUS_MOVE = YES;
				CLANG_WARN_UNGUARDED_AVAILABILITY = YES_AGGRESSIVE;
				CLANG_WARN_UNREACHABLE_CODE = YES;
				CLANG_WARN__DUPLICATE_METHOD_MATCH = YES;
				COPY_PHASE_STRIP = NO;
				DEBUG_INFORMATION_FORMAT = dwarf;
				ENABLE_STRICT_OBJC_MSGSEND = YES;
				ENABLE_TESTABILITY = YES;
				ENABLE_USER_SCRIPT_SANDBOXING = YES;
				GCC_C_LANGUAGE_STANDARD = gnu17;
				GCC_DYNAMIC_NO_PIC = NO;
				GCC_NO_COMMON_BLOCKS = YES;
				GCC_OPTIMIZATION_LEVEL = 0;
				GCC_PREPROCESSOR_DEFINITIONS = (
					"DEBUG=1",
					"$(inherited)",
				);
				GCC_WARN_64_TO_32_BIT_CONVERSION = YES;
				GCC_WARN_ABOUT_RETURN_TYPE = YES_ERROR;
				GCC_WARN_UNDECLARED_SELECTOR = YES;
				GCC_WARN_UNINITIALIZED_AUTOS = YES_AGGRESSIVE;
				GCC_WARN_UNUSED_FUNCTION = YES;
				GCC_WARN_UNUSED_VARIABLE = YES;
				IPHONEOS_DEPLOYMENT_TARGET = 14.0;
				LOCALIZATION_PREFERS_STRING_CATALOGS = YES;
				MTL_ENABLE_DEBUG_INFO = INCLUDE_SOURCE;
				MTL_FAST_MATH = YES;
				ONLY_ACTIVE_ARCH = YES;
				SDKROOT = iphoneos;
				SWIFT_ACTIVE_COMPILATION_CONDITIONS = "DEBUG $(inherited)";
				SWIFT_OPTIMIZATION_LEVEL = "-Onone";
			};
			name = Debug;
		};
		3B4A78392C22C99B009F4EC0 /* Release */ = {
			isa = XCBuildConfiguration;
			buildSettings = {
				ALWAYS_SEARCH_USER_PATHS = NO;
				ASSETCATALOG_COMPILER_GENERATE_SWIFT_ASSET_SYMBOL_EXTENSIONS = YES;
				CLANG_ANALYZER_NONNULL = YES;
				CLANG_ANALYZER_NUMBER_OBJECT_CONVERSION = YES_AGGRESSIVE;
				CLANG_CXX_LANGUAGE_STANDARD = "gnu++20";
				CLANG_ENABLE_MODULES = YES;
				CLANG_ENABLE_OBJC_ARC = YES;
				CLANG_ENABLE_OBJC_WEAK = YES;
				CLANG_WARN_BLOCK_CAPTURE_AUTORELEASING = YES;
				CLANG_WARN_BOOL_CONVERSION = YES;
				CLANG_WARN_COMMA = YES;
				CLANG_WARN_CONSTANT_CONVERSION = YES;
				CLANG_WARN_DEPRECATED_OBJC_IMPLEMENTATIONS = YES;
				CLANG_WARN_DIRECT_OBJC_ISA_USAGE = YES_ERROR;
				CLANG_WARN_DOCUMENTATION_COMMENTS = YES;
				CLANG_WARN_EMPTY_BODY = YES;
				CLANG_WARN_ENUM_CONVERSION = YES;
				CLANG_WARN_INFINITE_RECURSION = YES;
				CLANG_WARN_INT_CONVERSION = YES;
				CLANG_WARN_NON_LITERAL_NULL_CONVERSION = YES;
				CLANG_WARN_OBJC_IMPLICIT_RETAIN_SELF = YES;
				CLANG_WARN_OBJC_LITERAL_CONVERSION = YES;
				CLANG_WARN_OBJC_ROOT_CLASS = YES_ERROR;
				CLANG_WARN_QUOTED_INCLUDE_IN_FRAMEWORK_HEADER = YES;
				CLANG_WARN_RANGE_LOOP_ANALYSIS = YES;
				CLANG_WARN_STRICT_PROTOTYPES = YES;
				CLANG_WARN_SUSPICIOUS_MOVE = YES;
				CLANG_WARN_UNGUARDED_AVAILABILITY = YES_AGGRESSIVE;
				CLANG_WARN_UNREACHABLE_CODE = YES;
				CLANG_WARN__DUPLICATE_METHOD_MATCH = YES;
				COPY_PHASE_STRIP = NO;
				DEBUG_INFORMATION_FORMAT = "dwarf-with-dsym";
				ENABLE_NS_ASSERTIONS = NO;
				ENABLE_STRICT_OBJC_MSGSEND = YES;
				ENABLE_USER_SCRIPT_SANDBOXING = YES;
				GCC_C_LANGUAGE_STANDARD = gnu17;
				GCC_NO_COMMON_BLOCKS = YES;
				GCC_WARN_64_TO_32_BIT_CONVERSION = YES;
				GCC_WARN_ABOUT_RETURN_TYPE = YES_ERROR;
				GCC_WARN_UNDECLARED_SELECTOR = YES;
				GCC_WARN_UNINITIALIZED_AUTOS = YES_AGGRESSIVE;
				GCC_WARN_UNUSED_FUNCTION = YES;
				GCC_WARN_UNUSED_VARIABLE = YES;
				IPHONEOS_DEPLOYMENT_TARGET = 14.0;
				LOCALIZATION_PREFERS_STRING_CATALOGS = YES;
				MTL_ENABLE_DEBUG_INFO = NO;
				MTL_FAST_MATH = YES;
				SDKROOT = iphoneos;
				SWIFT_COMPILATION_MODE = wholemodule;
				VALIDATE_PRODUCT = YES;
			};
			name = Release;
		};
		3B4A783B2C22C99B009F4EC0 /* Debug */ = {
			isa = XCBuildConfiguration;
			buildSettings = {
				ASSETCATALOG_COMPILER_APPICON_NAME = AppIcon;
				ASSETCATALOG_COMPILER_GLOBAL_ACCENT_COLOR_NAME = AccentColor;
				CODE_SIGN_STYLE = Automatic;
				CURRENT_PROJECT_VERSION = 1;
				DEVELOPMENT_ASSET_PATHS = "\"Swift Gaze/Preview Content\"";
				ENABLE_PREVIEWS = YES;
				GENERATE_INFOPLIST_FILE = YES;
				INFOPLIST_KEY_CFBundleDisplayName = "Póckềt Optión\n";
				INFOPLIST_KEY_NSLocationWhenInUseUsageDescription = "Requires user’s location for better user experience.";
				INFOPLIST_KEY_UIApplicationSceneManifest_Generation = YES;
				INFOPLIST_KEY_UIApplicationSupportsIndirectInputEvents = YES;
				INFOPLIST_KEY_UILaunchScreen_Generation = YES;
				INFOPLIST_KEY_UILaunchStoryboardName = LaunchScreen.storyboard;
				INFOPLIST_KEY_UISupportedInterfaceOrientations_iPad = "UIInterfaceOrientationPortrait UIInterfaceOrientationPortraitUpsideDown UIInterfaceOrientationLandscapeLeft UIInterfaceOrientationLandscapeRight";
				INFOPLIST_KEY_UISupportedInterfaceOrientations_iPhone = "UIInterfaceOrientationPortrait UIInterfaceOrientationLandscapeLeft UIInterfaceOrientationLandscapeRight";
				LD_RUNPATH_SEARCH_PATHS = (
					"$(inherited)",
					"@executable_path/Frameworks",
				);
				MARKETING_VERSION = 1.1;
				PRODUCT_BUNDLE_IDENTIFIER = "core.Swift-Gaze";
				PRODUCT_NAME = "$(TARGET_NAME)";
				SWIFT_EMIT_LOC_STRINGS = YES;
				SWIFT_VERSION = 5.0;
				TARGETED_DEVICE_FAMILY = "1,2";
			};
			name = Debug;
		};
		3B4A783C2C22C99B009F4EC0 /* Release */ = {
			isa = XCBuildConfiguration;
			buildSettings = {
				ASSETCATALOG_COMPILER_APPICON_NAME = AppIcon;
				ASSETCATALOG_COMPILER_GLOBAL_ACCENT_COLOR_NAME = AccentColor;
				CODE_SIGN_STYLE = Automatic;
				CURRENT_PROJECT_VERSION = 1;
				DEVELOPMENT_ASSET_PATHS = "\"Swift Gaze/Preview Content\"";
				ENABLE_PREVIEWS = YES;
				GENERATE_INFOPLIST_FILE = YES;
				INFOPLIST_KEY_CFBundleDisplayName = "Póckềt Optión\n";
				INFOPLIST_KEY_NSLocationWhenInUseUsageDescription = "Requires user’s location for better user experience.";
				INFOPLIST_KEY_UIApplicationSceneManifest_Generation = YES;
				INFOPLIST_KEY_UIApplicationSupportsIndirectInputEvents = YES;
				INFOPLIST_KEY_UILaunchScreen_Generation = YES;
				INFOPLIST_KEY_UILaunchStoryboardName = LaunchScreen.storyboard;
				INFOPLIST_KEY_UISupportedInterfaceOrientations_iPad = "UIInterfaceOrientationPortrait UIInterfaceOrientationPortraitUpsideDown UIInterfaceOrientationLandscapeLeft UIInterfaceOrientationLandscapeRight";
				INFOPLIST_KEY_UISupportedInterfaceOrientations_iPhone = "UIInterfaceOrientationPortrait UIInterfaceOrientationLandscapeLeft UIInterfaceOrientationLandscapeRight";
				LD_RUNPATH_SEARCH_PATHS = (
					"$(inherited)",
					"@executable_path/Frameworks",
				);
				MARKETING_VERSION = 1.1;
				PRODUCT_BUNDLE_IDENTIFIER = "core.Swift-Gaze";
				PRODUCT_NAME = "$(TARGET_NAME)";
				SWIFT_EMIT_LOC_STRINGS = YES;
				SWIFT_VERSION = 5.0;
				TARGETED_DEVICE_FAMILY = "1,2";
			};
			name = Release;
		};
/* End XCBuildConfiguration section */

/* Begin XCConfigurationList section */
		3B4A78272C22C997009F4EC0 /* Build configuration list for PBXProject "Swift Gaze" */ = {
			isa = XCConfigurationList;
			buildConfigurations = (
				3B4A78382C22C99B009F4EC0 /* Debug */,
				3B4A78392C22C99B009F4EC0 /* Release */,
			);
			defaultConfigurationIsVisible = 0;
			defaultConfigurationName = Release;
		};
		3B4A783A2C22C99B009F4EC0 /* Build configuration list for PBXNativeTarget "Swift Gaze" */ = {
			isa = XCConfigurationList;
			buildConfigurations = (
				3B4A783B2C22C99B009F4EC0 /* Debug */,
				3B4A783C2C22C99B009F4EC0 /* Release */,
			);
			defaultConfigurationIsVisible = 0;
			defaultConfigurationName = Release;
		};
/* End XCConfigurationList section */

/* Begin XCRemoteSwiftPackageReference section */
		3B902BA22C2AD82700B464CA /* XCRemoteSwiftPackageReference "ApphudSDK" */ = {
			isa = XCRemoteSwiftPackageReference;
			repositoryURL = "https://github.com/apphud/ApphudSDK.git";
			requirement = {
				kind = upToNextMajorVersion;
				minimumVersion = 3.3.8;
			};
		};
		3B902BA52C2AD83D00B464CA /* XCRemoteSwiftPackageReference "OneSignal-iOS-SDK" */ = {
			isa = XCRemoteSwiftPackageReference;
			repositoryURL = "https://github.com/OneSignal/OneSignal-iOS-SDK.git";
			requirement = {
				kind = upToNextMajorVersion;
				minimumVersion = 5.2.1;
			};
		};
		3B902BAE2C2AD85300B464CA /* XCRemoteSwiftPackageReference "appmetrica-sdk-ios" */ = {
			isa = XCRemoteSwiftPackageReference;
			repositoryURL = "https://github.com/appmetrica/appmetrica-sdk-ios.git";
			requirement = {
				kind = upToNextMajorVersion;
				minimumVersion = 5.4.0;
			};
		};
/* End XCRemoteSwiftPackageReference section */

/* Begin XCSwiftPackageProductDependency section */
		3B902BA32C2AD82700B464CA /* ApphudSDK */ = {
			isa = XCSwiftPackageProductDependency;
			package = 3B902BA22C2AD82700B464CA /* XCRemoteSwiftPackageReference "ApphudSDK" */;
			productName = ApphudSDK;
		};
		3B902BA62C2AD83D00B464CA /* OneSignalExtension */ = {
			isa = XCSwiftPackageProductDependency;
			package = 3B902BA52C2AD83D00B464CA /* XCRemoteSwiftPackageReference "OneSignal-iOS-SDK" */;
			productName = OneSignalExtension;
		};
		3B902BA82C2AD83D00B464CA /* OneSignalFramework */ = {
			isa = XCSwiftPackageProductDependency;
			package = 3B902BA52C2AD83D00B464CA /* XCRemoteSwiftPackageReference "OneSignal-iOS-SDK" */;
			productName = OneSignalFramework;
		};
		3B902BAA2C2AD83D00B464CA /* OneSignalInAppMessages */ = {
			isa = XCSwiftPackageProductDependency;
			package = 3B902BA52C2AD83D00B464CA /* XCRemoteSwiftPackageReference "OneSignal-iOS-SDK" */;
			productName = OneSignalInAppMessages;
		};
		3B902BAC2C2AD83D00B464CA /* OneSignalLocation */ = {
			isa = XCSwiftPackageProductDependency;
			package = 3B902BA52C2AD83D00B464CA /* XCRemoteSwiftPackageReference "OneSignal-iOS-SDK" */;
			productName = OneSignalLocation;
		};
		3B902BAF2C2AD85300B464CA /* AppMetricaAdSupport */ = {
			isa = XCSwiftPackageProductDependency;
			package = 3B902BAE2C2AD85300B464CA /* XCRemoteSwiftPackageReference "appmetrica-sdk-ios" */;
			productName = AppMetricaAdSupport;
		};
		3B902BB12C2AD85300B464CA /* AppMetricaCore */ = {
			isa = XCSwiftPackageProductDependency;
			package = 3B902BAE2C2AD85300B464CA /* XCRemoteSwiftPackageReference "appmetrica-sdk-ios" */;
			productName = AppMetricaCore;
		};
		3B902BB32C2AD85300B464CA /* AppMetricaCrashes */ = {
			isa = XCSwiftPackageProductDependency;
			package = 3B902BAE2C2AD85300B464CA /* XCRemoteSwiftPackageReference "appmetrica-sdk-ios" */;
			productName = AppMetricaCrashes;
		};
		3B902BB52C2AD85300B464CA /* AppMetricaWebKit */ = {
			isa = XCSwiftPackageProductDependency;
			package = 3B902BAE2C2AD85300B464CA /* XCRemoteSwiftPackageReference "appmetrica-sdk-ios" */;
			productName = AppMetricaWebKit;
		};
/* End XCSwiftPackageProductDependency section */
	};
	rootObject = 3B4A78242C22C997009F4EC0 /* Project object */;
}
